
Microsoft Visual Studio Solution File, Format Version 12.00
# Visual Studio Version 17
VisualStudioVersion = 17.6.33815.320
MinimumVisualStudioVersion = 10.0.40219.1
Project("{FAE04EC0-301F-11D3-BF4B-00C04F79EFBC}") = "Assignment_6_API", "Assignment_6_API\Assignment_6_API.csproj", "{7500BD21-BA4A-4C01-9A76-60B250AFC306}"
EndProject
Global
	GlobalSection(SolutionConfigurationPlatforms) = preSolution
		Debug|Any CPU = Debug|Any CPU
		Release|Any CPU = Release|Any CPU
	EndGlobalSection
	GlobalSection(ProjectConfigurationPlatforms) = postSolution
		{7500BD21-BA4A-4C01-9A76-60B250AFC306}.Debug|Any CPU.ActiveCfg = Debug|Any CPU
		{7500BD21-BA4A-4C01-9A76-60B250AFC306}.Debug|Any CPU.Build.0 = Debug|Any CPU
		{7500BD21-BA4A-4C01-9A76-60B250AFC306}.Release|Any CPU.ActiveCfg = Release|Any CPU
		{7500BD21-BA4A-4C01-9A76-60B250AFC306}.Release|Any CPU.Build.0 = Release|Any CPU
	EndGlobalSection
	GlobalSection(SolutionProperties) = preSolution
		HideSolutionNode = FALSE
	EndGlobalSection
	GlobalSection(ExtensibilityGlobals) = postSolution
		SolutionGuid = {3F302B36-FFE1-474D-81F6-1E2D07E52A9A}
	EndGlobalSection
EndGlobal
